
Microsoft Visual Studio Solution File, Format Version 12.00
# Visual Studio Version 16
VisualStudioVersion = 16.0.30413.136
MinimumVisualStudioVersion = 10.0.40219.1
Project("{FAE04EC0-301F-11D3-BF4B-00C04F79EFBC}") = "Farkle", "Farkle\Farkle.csproj", "{AB7C7972-6B38-45C6-96DB-EDEFE0429ACC}"
EndProject
Project("{9A19103F-16F7-4668-BE54-9A1E7A4F7556}") = "FarkleLib", "FarkleLib\FarkleLib.csproj", "{5D0AEF3A-0406-440F-ABDC-A45F54219DF0}"
EndProject
Project("{FAE04EC0-301F-11D3-BF4B-00C04F79EFBC}") = "FarklesGame.Tests", "Game.Tests\FarklesGame.Tests.csproj", "{D883EF63-1C8C-4DFB-AF74-F8E62038D0F9}"
Project("{FAE04EC0-301F-11D3-BF4B-00C04F79EFBC}") = "Player.Tests", "Player.Tests\Player.Tests.csproj", "{8F9E1A92-1D94-4400-B784-4255872A33D5}"
EndProject
Project("{FAE04EC0-301F-11D3-BF4B-00C04F79EFBC}") = "FarkleDice.Tests", "FarkleDice.Tests\FarkleDice.Tests.csproj", "{D7631918-D1B9-4015-B046-E249142C6F8F}"
EndProject
Global
	GlobalSection(SolutionConfigurationPlatforms) = preSolution
		Debug|Any CPU = Debug|Any CPU
		Release|Any CPU = Release|Any CPU
	EndGlobalSection
	GlobalSection(ProjectConfigurationPlatforms) = postSolution
		{AB7C7972-6B38-45C6-96DB-EDEFE0429ACC}.Debug|Any CPU.ActiveCfg = Debug|Any CPU
		{AB7C7972-6B38-45C6-96DB-EDEFE0429ACC}.Debug|Any CPU.Build.0 = Debug|Any CPU
		{AB7C7972-6B38-45C6-96DB-EDEFE0429ACC}.Release|Any CPU.ActiveCfg = Release|Any CPU
		{AB7C7972-6B38-45C6-96DB-EDEFE0429ACC}.Release|Any CPU.Build.0 = Release|Any CPU
		{5D0AEF3A-0406-440F-ABDC-A45F54219DF0}.Debug|Any CPU.ActiveCfg = Debug|Any CPU
		{5D0AEF3A-0406-440F-ABDC-A45F54219DF0}.Debug|Any CPU.Build.0 = Debug|Any CPU
		{5D0AEF3A-0406-440F-ABDC-A45F54219DF0}.Release|Any CPU.ActiveCfg = Release|Any CPU
		{5D0AEF3A-0406-440F-ABDC-A45F54219DF0}.Release|Any CPU.Build.0 = Release|Any CPU
		{D883EF63-1C8C-4DFB-AF74-F8E62038D0F9}.Debug|Any CPU.ActiveCfg = Debug|Any CPU
		{D883EF63-1C8C-4DFB-AF74-F8E62038D0F9}.Debug|Any CPU.Build.0 = Debug|Any CPU
		{D883EF63-1C8C-4DFB-AF74-F8E62038D0F9}.Release|Any CPU.ActiveCfg = Release|Any CPU
		{D883EF63-1C8C-4DFB-AF74-F8E62038D0F9}.Release|Any CPU.Build.0 = Release|Any CPU
		{8F9E1A92-1D94-4400-B784-4255872A33D5}.Debug|Any CPU.ActiveCfg = Debug|Any CPU
		{8F9E1A92-1D94-4400-B784-4255872A33D5}.Debug|Any CPU.Build.0 = Debug|Any CPU
		{8F9E1A92-1D94-4400-B784-4255872A33D5}.Release|Any CPU.ActiveCfg = Release|Any CPU
		{8F9E1A92-1D94-4400-B784-4255872A33D5}.Release|Any CPU.Build.0 = Release|Any CPU
		{D7631918-D1B9-4015-B046-E249142C6F8F}.Debug|Any CPU.ActiveCfg = Debug|Any CPU
		{D7631918-D1B9-4015-B046-E249142C6F8F}.Debug|Any CPU.Build.0 = Debug|Any CPU
		{D7631918-D1B9-4015-B046-E249142C6F8F}.Release|Any CPU.ActiveCfg = Release|Any CPU
		{D7631918-D1B9-4015-B046-E249142C6F8F}.Release|Any CPU.Build.0 = Release|Any CPU
	EndGlobalSection
	GlobalSection(SolutionProperties) = preSolution
		HideSolutionNode = FALSE
	EndGlobalSection
	GlobalSection(ExtensibilityGlobals) = postSolution
		SolutionGuid = {F73DBD20-D323-43FA-81B4-C4334DBF25D4}
	EndGlobalSection
EndGlobal
